--- 
dependencies: 
  fastthread: 
    group: 
    - :default
    version: = 1.0.7
  rails: 
    group: 
    - :default
    version: = 2.3.5
  mongrel: 
    group: 
    - :default
    version: ">= 1.1.5"
  mysql: 
    group: 
    - :default
    version: ">= 0"
  rake: 
    group: 
    - :default
    version: = 0.8.7
  sqlite3-ruby: 
    group: 
    - :development
    version: ">= 0"
  oauth: 
    group: 
    - :default
    version: = 0.4.3
  rspec: 
    group: 
    - :test
    version: = 1.3.0
  mime-types: 
    group: 
    - :default
    version: = 1.15
  gem_plugin: 
    group: 
    - :default
    version: = 0.2.3
  rack: 
    group: 
    - :default
    version: = 1.0.1
  rspec-rails: 
    group: 
    - :test
    version: = 1.3.2
  jasmine: 
    group: 
    - :test
    version: = 0.10.3.1
  mongrel_cluster: 
    group: 
    - :default
    version: = 1.0.5
  acts_as_taggable_on_steroids: 
    group: 
    - :default
    version: = 1.1
  httpauth: 
    group: 
    - :default
    version: = 0.1
  xml-simple: 
    group: 
    - :default
    version: = 1.0.12
  nokogiri: 
    group: 
    - :default
    version: = 1.4.2
specs: 
- rake: 
    version: 0.8.7
- activesupport: 
    version: 2.3.5
- rack: 
    version: 1.0.1
- actionpack: 
    version: 2.3.5
- actionmailer: 
    version: 2.3.5
- activerecord: 
    version: 2.3.5
- activeresource: 
    version: 2.3.5
- acts_as_taggable_on_steroids: 
    version: "1.1"
- daemons: 
    version: 1.1.0
- eventmachine: 
    version: 0.12.10
- fastthread: 
    version: 1.0.7
- gem_plugin: 
    version: 0.2.3
- httpauth: 
    version: "0.1"
- json: 
    version: 1.4.6
- rspec: 
    version: 1.3.0
- selenium-client: 
    version: 1.2.18
- selenium-rc: 
    version: 2.2.4
- thin: 
    version: 1.2.7
- jasmine: 
    version: 0.10.3.1
- mime-types: 
    version: "1.15"
- mongrel: 
    version: 1.1.5.1
- mongrel_cluster: 
    version: 1.0.5
- mysql: 
    version: 2.8.1
- nokogiri: 
    version: 1.4.2
- oauth: 
    version: 0.4.3
- rails: 
    version: 2.3.5
- rspec-rails: 
    version: 1.3.2
- sqlite3-ruby: 
    version: 1.3.1
- xml-simple: 
    version: 1.0.12
hash: 73d400cdc5f3a7f223f557e8741c834dfe3123ac
sources: 
- Rubygems: 
    uri: http://gemcutter.org
